// !$*UTF8*$!
{
	archiveVersion = 1;
	classes = {
	};
	objectVersion = 50;
	objects = {

/* Begin PBXBuildFile section */
		A9440976226222220079A420 /* AppDelegate.swift in Sources */ = {isa = PBXBuildFile; fileRef = A9440975226222220079A420 /* AppDelegate.swift */; };
		A944097B226222220079A420 /* Main.storyboard in Resources */ = {isa = PBXBuildFile; fileRef = A9440979226222220079A420 /* Main.storyboard */; };
		A944097D226222250079A420 /* Assets.xcassets in Resources */ = {isa = PBXBuildFile; fileRef = A944097C226222250079A420 /* Assets.xcassets */; };
		A9440980226222250079A420 /* LaunchScreen.storyboard in Resources */ = {isa = PBXBuildFile; fileRef = A944097E226222250079A420 /* LaunchScreen.storyboard */; };
		A944098C226223400079A420 /* Profile.swift in Sources */ = {isa = PBXBuildFile; fileRef = A944098B226223400079A420 /* Profile.swift */; };
		A944098E2262235C0079A420 /* AccessibilityElementsExampleViewController.swift in Sources */ = {isa = PBXBuildFile; fileRef = A944098D2262235C0079A420 /* AccessibilityElementsExampleViewController.swift */; };
		A9460B8F22636B2900AA66E9 /* ProfileView.swift in Sources */ = {isa = PBXBuildFile; fileRef = A9460B8E22636B2900AA66E9 /* ProfileView.swift */; };
/* End PBXBuildFile section */

/* Begin PBXFileReference section */
		A9440972226222220079A420 /* AccessibilityElementsExample.app */ = {isa = PBXFileReference; explicitFileType = wrapper.application; includeInIndex = 0; path = AccessibilityElementsExample.app; sourceTree = BUILT_PRODUCTS_DIR; };
		A9440975226222220079A420 /* AppDelegate.swift */ = {isa = PBXFileReference; lastKnownFileType = sourcecode.swift; path = AppDelegate.swift; sourceTree = "<group>"; };
		A944097A226222220079A420 /* Base */ = {isa = PBXFileReference; lastKnownFileType = file.storyboard; name = Base; path = Base.lproj/Main.storyboard; sourceTree = "<group>"; };
		A944097C226222250079A420 /* Assets.xcassets */ = {isa = PBXFileReference; lastKnownFileType = folder.assetcatalog; path = Assets.xcassets; sourceTree = "<group>"; };
		A944097F226222250079A420 /* Base */ = {isa = PBXFileReference; lastKnownFileType = file.storyboard; name = Base; path = Base.lproj/LaunchScreen.storyboard; sourceTree = "<group>"; };
		A9440981226222250079A420 /* Info.plist */ = {isa = PBXFileReference; lastKnownFileType = text.plist.xml; path = Info.plist; sourceTree = "<group>"; };
		A944098B226223400079A420 /* Profile.swift */ = {isa = PBXFileReference; fileEncoding = 4; lastKnownFileType = sourcecode.swift; path = Profile.swift; sourceTree = "<group>"; };
		A944098D2262235C0079A420 /* AccessibilityElementsExampleViewController.swift */ = {isa = PBXFileReference; fileEncoding = 4; lastKnownFileType = sourcecode.swift; path = AccessibilityElementsExampleViewController.swift; sourceTree = "<group>"; };
		A9460B8E22636B2900AA66E9 /* ProfileView.swift */ = {isa = PBXFileReference; lastKnownFileType = sourcecode.swift; path = ProfileView.swift; sourceTree = "<group>"; };
/* End PBXFileReference section */

/* Begin PBXFrameworksBuildPhase section */
		A944096F226222220079A420 /* Frameworks */ = {
			isa = PBXFrameworksBuildPhase;
			buildActionMask = 2147483647;
			files = (
			);
			runOnlyForDeploymentPostprocessing = 0;
		};
/* End PBXFrameworksBuildPhase section */

/* Begin PBXGroup section */
		A9440969226222220079A420 = {
			isa = PBXGroup;
			children = (
				A9440974226222220079A420 /* AccessibilityElementsExample */,
				A9440973226222220079A420 /* Products */,
			);
			sourceTree = "<group>";
		};
		A9440973226222220079A420 /* Products */ = {
			isa = PBXGroup;
			children = (
				A9440972226222220079A420 /* AccessibilityElementsExample.app */,
			);
			name = Products;
			sourceTree = "<group>";
		};
		A9440974226222220079A420 /* AccessibilityElementsExample */ = {
			isa = PBXGroup;
			children = (
				A9440989226222780079A420 /* Model */,
				A9440987226222440079A420 /* View */,
				A94409882262226A0079A420 /* Controller */,
				A944098A2262228C0079A420 /* Other */,
				A944097C226222250079A420 /* Assets.xcassets */,
			);
			path = AccessibilityElementsExample;
			sourceTree = "<group>";
		};
		A9440987226222440079A420 /* View */ = {
			isa = PBXGroup;
			children = (
				A9440979226222220079A420 /* Main.storyboard */,
				A944097E226222250079A420 /* LaunchScreen.storyboard */,
				A9460B8E22636B2900AA66E9 /* ProfileView.swift */,
			);
			path = View;
			sourceTree = "<group>";
		};
		A94409882262226A0079A420 /* Controller */ = {
			isa = PBXGroup;
			children = (
				A944098D2262235C0079A420 /* AccessibilityElementsExampleViewController.swift */,
			);
			path = Controller;
			sourceTree = "<group>";
		};
		A9440989226222780079A420 /* Model */ = {
			isa = PBXGroup;
			children = (
				A944098B226223400079A420 /* Profile.swift */,
			);
			path = Model;
			sourceTree = "<group>";
		};
		A944098A2262228C0079A420 /* Other */ = {
			isa = PBXGroup;
			children = (
				A9440975226222220079A420 /* AppDelegate.swift */,
				A9440981226222250079A420 /* Info.plist */,
			);
			path = Other;
			sourceTree = "<group>";
		};
/* End PBXGroup section */

/* Begin PBXNativeTarget section */
		A9440971226222220079A420 /* AccessibilityElementsExample */ = {
			isa = PBXNativeTarget;
			buildConfigurationList = A9440984226222250079A420 /* Build configuration list for PBXNativeTarget "AccessibilityElementsExample" */;
			buildPhases = (
				A944096E226222220079A420 /* Sources */,
				A944096F226222220079A420 /* Frameworks */,
				A9440970226222220079A420 /* Resources */,
			);
			buildRules = (
			);
			dependencies = (
			);
			name = AccessibilityElementsExample;
			productName = AccessibilityElementsExample;
			productReference = A9440972226222220079A420 /* AccessibilityElementsExample.app */;
			productType = "com.apple.product-type.application";
		};
/* End PBXNativeTarget section */

/* Begin PBXProject section */
		A944096A226222220079A420 /* Project object */ = {
			isa = PBXProject;
			attributes = {
				LastSwiftUpdateCheck = 1020;
				LastUpgradeCheck = 1020;
				ORGANIZATIONNAME = "Marco Contino";
				TargetAttributes = {
					A9440971226222220079A420 = {
						CreatedOnToolsVersion = 10.2;
					};
				};
			};
			buildConfigurationList = A944096D226222220079A420 /* Build configuration list for PBXProject "AccessibilityElementsExample" */;
			compatibilityVersion = "Xcode 9.3";
			developmentRegion = en;
			hasScannedForEncodings = 0;
			knownRegions = (
				en,
				Base,
			);
			mainGroup = A9440969226222220079A420;
			productRefGroup = A9440973226222220079A420 /* Products */;
			projectDirPath = "";
			projectRoot = "";
			targets = (
				A9440971226222220079A420 /* AccessibilityElementsExample */,
			);
		};
/* End PBXProject section */

/* Begin PBXResourcesBuildPhase section */
		A9440970226222220079A420 /* Resources */ = {
			isa = PBXResourcesBuildPhase;
			buildActionMask = 2147483647;
			files = (
				A9440980226222250079A420 /* LaunchScreen.storyboard in Resources */,
				A944097D226222250079A420 /* Assets.xcassets in Resources */,
				A944097B226222220079A420 /* Main.storyboard in Resources */,
			);
			runOnlyForDeploymentPostprocessing = 0;
		};
/* End PBXResourcesBuildPhase section */

/* Begin PBXSourcesBuildPhase section */
		A944096E226222220079A420 /* Sources */ = {
			isa = PBXSourcesBuildPhase;
			buildActionMask = 2147483647;
			files = (
				A9460B8F22636B2900AA66E9 /* ProfileView.swift in Sources */,
				A944098C226223400079A420 /* Profile.swift in Sources */,
				A9440976226222220079A420 /* AppDelegate.swift in Sources */,
				A944098E2262235C0079A420 /* AccessibilityElementsExampleViewController.swift in Sources */,
			);
			runOnlyForDeploymentPostprocessing = 0;
		};
/* End PBXSourcesBuildPhase section */

/* Begin PBXVariantGroup section */
		A9440979226222220079A420 /* Main.storyboard */ = {
			isa = PBXVariantGroup;
			children = (
				A944097A226222220079A420 /* Base */,
			);
			name = Main.storyboard;
			sourceTree = "<group>";
		};
		A944097E226222250079A420 /* LaunchScreen.storyboard */ = {
			isa = PBXVariantGroup;
			children = (
				A944097F226222250079A420 /* Base */,
			);
			name = LaunchScreen.storyboard;
			sourceTree = "<group>";
		};
/* End PBXVariantGroup section */

/* Begin XCBuildConfiguration section */
		A9440982226222250079A420 /* Debug */ = {
			isa = XCBuildConfiguration;
			buildSettings = {
				ALWAYS_SEARCH_USER_PATHS = NO;
				CLANG_ANALYZER_NONNULL = YES;
				CLANG_ANALYZER_NUMBER_OBJECT_CONVERSION = YES_AGGRESSIVE;
				CLANG_CXX_LANGUAGE_STANDARD = "gnu++14";
				CLANG_CXX_LIBRARY = "libc++";
				CLANG_ENABLE_MODULES = YES;
				CLANG_ENABLE_OBJC_ARC = YES;
				CLANG_ENABLE_OBJC_WEAK = YES;
				CLANG_WARN_BLOCK_CAPTURE_AUTORELEASING = YES;
				CLANG_WARN_BOOL_CONVERSION = YES;
				CLANG_WARN_COMMA = YES;
				CLANG_WARN_CONSTANT_CONVERSION = YES;
				CLANG_WARN_DEPRECATED_OBJC_IMPLEMENTATIONS = YES;
				CLANG_WARN_DIRECT_OBJC_ISA_USAGE = YES_ERROR;
				CLANG_WARN_DOCUMENTATION_COMMENTS = YES;
				CLANG_WARN_EMPTY_BODY = YES;
				CLANG_WARN_ENUM_CONVERSION = YES;
				CLANG_WARN_INFINITE_RECURSION = YES;
				CLANG_WARN_INT_CONVERSION = YES;
				CLANG_WARN_NON_LITERAL_NULL_CONVERSION = YES;
				CLANG_WARN_OBJC_IMPLICIT_RETAIN_SELF = YES;
				CLANG_WARN_OBJC_LITERAL_CONVERSION = YES;
				CLANG_WARN_OBJC_ROOT_CLASS = YES_ERROR;
				CLANG_WARN_RANGE_LOOP_ANALYSIS = YES;
				CLANG_WARN_STRICT_PROTOTYPES = YES;
				CLANG_WARN_SUSPICIOUS_MOVE = YES;
				CLANG_WARN_UNGUARDED_AVAILABILITY = YES_AGGRESSIVE;
				CLANG_WARN_UNREACHABLE_CODE = YES;
				CLANG_WARN__DUPLICATE_METHOD_MATCH = YES;
				CODE_SIGN_IDENTITY = "iPhone Developer";
				COPY_PHASE_STRIP = NO;
				DEBUG_INFORMATION_FORMAT = dwarf;
				ENABLE_STRICT_OBJC_MSGSEND = YES;
				ENABLE_TESTABILITY = YES;
				GCC_C_LANGUAGE_STANDARD = gnu11;
				GCC_DYNAMIC_NO_PIC = NO;
				GCC_NO_COMMON_BLOCKS = YES;
				GCC_OPTIMIZATION_LEVEL = 0;
				GCC_PREPROCESSOR_DEFINITIONS = (
					"DEBUG=1",
					"$(inherited)",
				);
				GCC_WARN_64_TO_32_BIT_CONVERSION = YES;
				GCC_WARN_ABOUT_RETURN_TYPE = YES_ERROR;
				GCC_WARN_UNDECLARED_SELECTOR = YES;
				GCC_WARN_UNINITIALIZED_AUTOS = YES_AGGRESSIVE;
				GCC_WARN_UNUSED_FUNCTION = YES;
				GCC_WARN_UNUSED_VARIABLE = YES;
				IPHONEOS_DEPLOYMENT_TARGET = 12.2;
				MTL_ENABLE_DEBUG_INFO = INCLUDE_SOURCE;
				MTL_FAST_MATH = YES;
				ONLY_ACTIVE_ARCH = YES;
				SDKROOT = iphoneos;
				SWIFT_ACTIVE_COMPILATION_CONDITIONS = DEBUG;
				SWIFT_OPTIMIZATION_LEVEL = "-Onone";
			};
			name = Debug;
		};
		A9440983226222250079A420 /* Release */ = {
			isa = XCBuildConfiguration;
			buildSettings = {
				ALWAYS_SEARCH_USER_PATHS = NO;
				CLANG_ANALYZER_NONNULL = YES;
				CLANG_ANALYZER_NUMBER_OBJECT_CONVERSION = YES_AGGRESSIVE;
				CLANG_CXX_LANGUAGE_STANDARD = "gnu++14";
				CLANG_CXX_LIBRARY = "libc++";
				CLANG_ENABLE_MODULES = YES;
				CLANG_ENABLE_OBJC_ARC = YES;
				CLANG_ENABLE_OBJC_WEAK = YES;
				CLANG_WARN_BLOCK_CAPTURE_AUTORELEASING = YES;
				CLANG_WARN_BOOL_CONVERSION = YES;
				CLANG_WARN_COMMA = YES;
				CLANG_WARN_CONSTANT_CONVERSION = YES;
				CLANG_WARN_DEPRECATED_OBJC_IMPLEMENTATIONS = YES;
				CLANG_WARN_DIRECT_OBJC_ISA_USAGE = YES_ERROR;
				CLANG_WARN_DOCUMENTATION_COMMENTS = YES;
				CLANG_WARN_EMPTY_BODY = YES;
				CLANG_WARN_ENUM_CONVERSION = YES;
				CLANG_WARN_INFINITE_RECURSION = YES;
				CLANG_WARN_INT_CONVERSION = YES;
				CLANG_WARN_NON_LITERAL_NULL_CONVERSION = YES;
				CLANG_WARN_OBJC_IMPLICIT_RETAIN_SELF = YES;
				CLANG_WARN_OBJC_LITERAL_CONVERSION = YES;
				CLANG_WARN_OBJC_ROOT_CLASS = YES_ERROR;
				CLANG_WARN_RANGE_LOOP_ANALYSIS = YES;
				CLANG_WARN_STRICT_PROTOTYPES = YES;
				CLANG_WARN_SUSPICIOUS_MOVE = YES;
				CLANG_WARN_UNGUARDED_AVAILABILITY = YES_AGGRESSIVE;
				CLANG_WARN_UNREACHABLE_CODE = YES;
				CLANG_WARN__DUPLICATE_METHOD_MATCH = YES;
				CODE_SIGN_IDENTITY = "iPhone Developer";
				COPY_PHASE_STRIP = NO;
				DEBUG_INFORMATION_FORMAT = "dwarf-with-dsym";
				ENABLE_NS_ASSERTIONS = NO;
				ENABLE_STRICT_OBJC_MSGSEND = YES;
				GCC_C_LANGUAGE_STANDARD = gnu11;
				GCC_NO_COMMON_BLOCKS = YES;
				GCC_WARN_64_TO_32_BIT_CONVERSION = YES;
				GCC_WARN_ABOUT_RETURN_TYPE = YES_ERROR;
				GCC_WARN_UNDECLARED_SELECTOR = YES;
				GCC_WARN_UNINITIALIZED_AUTOS = YES_AGGRESSIVE;
				GCC_WARN_UNUSED_FUNCTION = YES;
				GCC_WARN_UNUSED_VARIABLE = YES;
				IPHONEOS_DEPLOYMENT_TARGET = 12.2;
				MTL_ENABLE_DEBUG_INFO = NO;
				MTL_FAST_MATH = YES;
				SDKROOT = iphoneos;
				SWIFT_COMPILATION_MODE = wholemodule;
				SWIFT_OPTIMIZATION_LEVEL = "-O";
				VALIDATE_PRODUCT = YES;
			};
			name = Release;
		};
		A9440985226222250079A420 /* Debug */ = {
			isa = XCBuildConfiguration;
			buildSettings = {
				ASSETCATALOG_COMPILER_APPICON_NAME = AppIcon;
				CODE_SIGN_STYLE = Automatic;
				DEVELOPMENT_TEAM = L8R5LH7XGK;
				INFOPLIST_FILE = AccessibilityElementsExample/Other/Info.plist;
				LD_RUNPATH_SEARCH_PATHS = (
					"$(inherited)",
					"@executable_path/Frameworks",
				);
				PRODUCT_BUNDLE_IDENTIFIER = com.marcocontino.AccessibilityElementsExample;
				PRODUCT_NAME = "$(TARGET_NAME)";
				SWIFT_VERSION = 5.0;
				TARGETED_DEVICE_FAMILY = "1,2";
			};
			name = Debug;
		};
		A9440986226222250079A420 /* Release */ = {
			isa = XCBuildConfiguration;
			buildSettings = {
				ASSETCATALOG_COMPILER_APPICON_NAME = AppIcon;
				CODE_SIGN_STYLE = Automatic;
				DEVELOPMENT_TEAM = L8R5LH7XGK;
				INFOPLIST_FILE = AccessibilityElementsExample/Other/Info.plist;
				LD_RUNPATH_SEARCH_PATHS = (
					"$(inherited)",
					"@executable_path/Frameworks",
				);
				PRODUCT_BUNDLE_IDENTIFIER = com.marcocontino.AccessibilityElementsExample;
				PRODUCT_NAME = "$(TARGET_NAME)";
				SWIFT_VERSION = 5.0;
				TARGETED_DEVICE_FAMILY = "1,2";
			};
			name = Release;
		};
/* End XCBuildConfiguration section */

/* Begin XCConfigurationList section */
		A944096D226222220079A420 /* Build configuration list for PBXProject "AccessibilityElementsExample" */ = {
			isa = XCConfigurationList;
			buildConfigurations = (
				A9440982226222250079A420 /* Debug */,
				A9440983226222250079A420 /* Release */,
			);
			defaultConfigurationIsVisible = 0;
			defaultConfigurationName = Release;
		};
		A9440984226222250079A420 /* Build configuration list for PBXNativeTarget "AccessibilityElementsExample" */ = {
			isa = XCConfigurationList;
			buildConfigurations = (
				A9440985226222250079A420 /* Debug */,
				A9440986226222250079A420 /* Release */,
			);
			defaultConfigurationIsVisible = 0;
			defaultConfigurationName = Release;
		};
/* End XCConfigurationList section */
	};
	rootObject = A944096A226222220079A420 /* Project object */;
}
